
Microsoft Visual Studio Solution File, Format Version 12.00
# Visual Studio Version 16
VisualStudioVersion = 16.0.29613.14
MinimumVisualStudioVersion = 10.0.40219.1
Project("{FAE04EC0-301F-11D3-BF4B-00C04F79EFBC}") = "DAOToSqliteConverter", "DAOToSqliteConverter.csproj", "{55AB1B17-AEAE-441D-A282-90411B03C8B0}"
EndProject
Global
	GlobalSection(SolutionConfigurationPlatforms) = preSolution
		Debug|Any CPU = Debug|Any CPU
		Release|Any CPU = Release|Any CPU
	EndGlobalSection
	GlobalSection(ProjectConfigurationPlatforms) = postSolution
		{55AB1B17-AEAE-441D-A282-90411B03C8B0}.Debug|Any CPU.ActiveCfg = Debug|Any CPU
		{55AB1B17-AEAE-441D-A282-90411B03C8B0}.Debug|Any CPU.Build.0 = Debug|Any CPU
		{55AB1B17-AEAE-441D-A282-90411B03C8B0}.Release|Any CPU.ActiveCfg = Release|Any CPU
		{55AB1B17-AEAE-441D-A282-90411B03C8B0}.Release|Any CPU.Build.0 = Release|Any CPU
	EndGlobalSection
	GlobalSection(SolutionProperties) = preSolution
		HideSolutionNode = FALSE
	EndGlobalSection
	GlobalSection(ExtensibilityGlobals) = postSolution
		SolutionGuid = {23FD44C4-53A2-4934-BE63-E6F61FCD2801}
	EndGlobalSection
EndGlobal
